// !$*UTF8*$!
{
	archiveVersion = 1;
	classes = {
	};
	objectVersion = 56;
	objects = {

/* Begin PBXBuildFile section */
		EB0373F02BDA33550055F58F /* DestinationSearchView.swift in Sources */ = {isa = PBXBuildFile; fileRef = EB0373EF2BDA33550055F58F /* DestinationSearchView.swift */; };
		EB54827E2BD47D900076979C /* AirbnbCloneApp.swift in Sources */ = {isa = PBXBuildFile; fileRef = EB54827D2BD47D900076979C /* AirbnbCloneApp.swift */; };
		EB5482802BD47D900076979C /* ContentView.swift in Sources */ = {isa = PBXBuildFile; fileRef = EB54827F2BD47D900076979C /* ContentView.swift */; };
		EB5482822BD47D910076979C /* Assets.xcassets in Resources */ = {isa = PBXBuildFile; fileRef = EB5482812BD47D910076979C /* Assets.xcassets */; };
		EB5482852BD47D910076979C /* Preview Assets.xcassets in Resources */ = {isa = PBXBuildFile; fileRef = EB5482842BD47D910076979C /* Preview Assets.xcassets */; };
		EB5D7EA82BD5A9A900E4960F /* ListingDetailView.swift in Sources */ = {isa = PBXBuildFile; fileRef = EB5D7EA72BD5A9A900E4960F /* ListingDetailView.swift */; };
		EB5D7EAB2BD5AA1100E4960F /* ListingImageCarouselView.swift in Sources */ = {isa = PBXBuildFile; fileRef = EB5D7EAA2BD5AA1100E4960F /* ListingImageCarouselView.swift */; };
		EBAE22E52BD590EB005B8466 /* ExploreView.swift in Sources */ = {isa = PBXBuildFile; fileRef = EBAE22E42BD590EB005B8466 /* ExploreView.swift */; };
		EBAE22E92BD594B7005B8466 /* ListingItemView.swift in Sources */ = {isa = PBXBuildFile; fileRef = EBAE22E82BD594B7005B8466 /* ListingItemView.swift */; };
		EBAE22EB2BD5A34B005B8466 /* SearchAndFilterBar.swift in Sources */ = {isa = PBXBuildFile; fileRef = EBAE22EA2BD5A34B005B8466 /* SearchAndFilterBar.swift */; };
/* End PBXBuildFile section */

/* Begin PBXFileReference section */
		EB0373EF2BDA33550055F58F /* DestinationSearchView.swift */ = {isa = PBXFileReference; lastKnownFileType = sourcecode.swift; path = DestinationSearchView.swift; sourceTree = "<group>"; };
		EB54827A2BD47D900076979C /* AirbnbClone.app */ = {isa = PBXFileReference; explicitFileType = wrapper.application; includeInIndex = 0; path = AirbnbClone.app; sourceTree = BUILT_PRODUCTS_DIR; };
		EB54827D2BD47D900076979C /* AirbnbCloneApp.swift */ = {isa = PBXFileReference; lastKnownFileType = sourcecode.swift; path = AirbnbCloneApp.swift; sourceTree = "<group>"; };
		EB54827F2BD47D900076979C /* ContentView.swift */ = {isa = PBXFileReference; lastKnownFileType = sourcecode.swift; path = ContentView.swift; sourceTree = "<group>"; };
		EB5482812BD47D910076979C /* Assets.xcassets */ = {isa = PBXFileReference; lastKnownFileType = folder.assetcatalog; path = Assets.xcassets; sourceTree = "<group>"; };
		EB5482842BD47D910076979C /* Preview Assets.xcassets */ = {isa = PBXFileReference; lastKnownFileType = folder.assetcatalog; path = "Preview Assets.xcassets"; sourceTree = "<group>"; };
		EB5D7EA72BD5A9A900E4960F /* ListingDetailView.swift */ = {isa = PBXFileReference; lastKnownFileType = sourcecode.swift; path = ListingDetailView.swift; sourceTree = "<group>"; };
		EB5D7EAA2BD5AA1100E4960F /* ListingImageCarouselView.swift */ = {isa = PBXFileReference; lastKnownFileType = sourcecode.swift; path = ListingImageCarouselView.swift; sourceTree = "<group>"; };
		EBAE22E42BD590EB005B8466 /* ExploreView.swift */ = {isa = PBXFileReference; lastKnownFileType = sourcecode.swift; path = ExploreView.swift; sourceTree = "<group>"; };
		EBAE22E82BD594B7005B8466 /* ListingItemView.swift */ = {isa = PBXFileReference; lastKnownFileType = sourcecode.swift; path = ListingItemView.swift; sourceTree = "<group>"; };
		EBAE22EA2BD5A34B005B8466 /* SearchAndFilterBar.swift */ = {isa = PBXFileReference; lastKnownFileType = sourcecode.swift; path = SearchAndFilterBar.swift; sourceTree = "<group>"; };
/* End PBXFileReference section */

/* Begin PBXFrameworksBuildPhase section */
		EB5482772BD47D900076979C /* Frameworks */ = {
			isa = PBXFrameworksBuildPhase;
			buildActionMask = 2147483647;
			files = (
			);
			runOnlyForDeploymentPostprocessing = 0;
		};
/* End PBXFrameworksBuildPhase section */

/* Begin PBXGroup section */
		EB5482712BD47D900076979C = {
			isa = PBXGroup;
			children = (
				EB54827C2BD47D900076979C /* AirbnbClone */,
				EB54827B2BD47D900076979C /* Products */,
			);
			sourceTree = "<group>";
		};
		EB54827B2BD47D900076979C /* Products */ = {
			isa = PBXGroup;
			children = (
				EB54827A2BD47D900076979C /* AirbnbClone.app */,
			);
			name = Products;
			sourceTree = "<group>";
		};
		EB54827C2BD47D900076979C /* AirbnbClone */ = {
			isa = PBXGroup;
			children = (
				EBAE22DA2BD58E6E005B8466 /* App */,
				EBAE22D92BD58E6B005B8466 /* Core */,
				EBAE22D82BD58E67005B8466 /* Extensions */,
				EBAE22D62BD58E5E005B8466 /* Models */,
				EBAE22DB2BD58E9B005B8466 /* Utils */,
				EB54827D2BD47D900076979C /* AirbnbCloneApp.swift */,
				EB54827F2BD47D900076979C /* ContentView.swift */,
				EB5482812BD47D910076979C /* Assets.xcassets */,
				EB5482832BD47D910076979C /* Preview Content */,
			);
			path = AirbnbClone;
			sourceTree = "<group>";
		};
		EB5482832BD47D910076979C /* Preview Content */ = {
			isa = PBXGroup;
			children = (
				EB5482842BD47D910076979C /* Preview Assets.xcassets */,
			);
			path = "Preview Content";
			sourceTree = "<group>";
		};
		EB5D7EA92BD5A9FD00E4960F /* Components */ = {
			isa = PBXGroup;
			children = (
				EB5D7EAA2BD5AA1100E4960F /* ListingImageCarouselView.swift */,
			);
			path = Components;
			sourceTree = "<group>";
		};
		EBAE22D62BD58E5E005B8466 /* Models */ = {
			isa = PBXGroup;
			children = (
			);
			path = Models;
			sourceTree = "<group>";
		};
		EBAE22D82BD58E67005B8466 /* Extensions */ = {
			isa = PBXGroup;
			children = (
			);
			path = Extensions;
			sourceTree = "<group>";
		};
		EBAE22D92BD58E6B005B8466 /* Core */ = {
			isa = PBXGroup;
			children = (
				EB5D7EA92BD5A9FD00E4960F /* Components */,
				EBAE22DC2BD58EF3005B8466 /* Explore */,
				EBAE22DE2BD58F14005B8466 /* Listings */,
				EBAE22DF2BD58F1C005B8466 /* MapView */,
				EBAE22E32BD58F35005B8466 /* Wishlists */,
				EBAE22E22BD58F2D005B8466 /* TabBar */,
				EBAE22E12BD58F28005B8466 /* Root */,
				EBAE22E02BD58F22005B8466 /* Profile */,
			);
			path = Core;
			sourceTree = "<group>";
		};
		EBAE22DA2BD58E6E005B8466 /* App */ = {
			isa = PBXGroup;
			children = (
			);
			path = App;
			sourceTree = "<group>";
		};
		EBAE22DB2BD58E9B005B8466 /* Utils */ = {
			isa = PBXGroup;
			children = (
			);
			path = Utils;
			sourceTree = "<group>";
		};
		EBAE22DC2BD58EF3005B8466 /* Explore */ = {
			isa = PBXGroup;
			children = (
				EBAE22E42BD590EB005B8466 /* ExploreView.swift */,
				EBAE22EA2BD5A34B005B8466 /* SearchAndFilterBar.swift */,
				EB0373EF2BDA33550055F58F /* DestinationSearchView.swift */,
			);
			path = Explore;
			sourceTree = "<group>";
		};
		EBAE22DE2BD58F14005B8466 /* Listings */ = {
			isa = PBXGroup;
			children = (
				EBAE22E82BD594B7005B8466 /* ListingItemView.swift */,
				EB5D7EA72BD5A9A900E4960F /* ListingDetailView.swift */,
			);
			path = Listings;
			sourceTree = "<group>";
		};
		EBAE22DF2BD58F1C005B8466 /* MapView */ = {
			isa = PBXGroup;
			children = (
			);
			path = MapView;
			sourceTree = "<group>";
		};
		EBAE22E02BD58F22005B8466 /* Profile */ = {
			isa = PBXGroup;
			children = (
			);
			path = Profile;
			sourceTree = "<group>";
		};
		EBAE22E12BD58F28005B8466 /* Root */ = {
			isa = PBXGroup;
			children = (
			);
			path = Root;
			sourceTree = "<group>";
		};
		EBAE22E22BD58F2D005B8466 /* TabBar */ = {
			isa = PBXGroup;
			children = (
			);
			path = TabBar;
			sourceTree = "<group>";
		};
		EBAE22E32BD58F35005B8466 /* Wishlists */ = {
			isa = PBXGroup;
			children = (
			);
			path = Wishlists;
			sourceTree = "<group>";
		};
/* End PBXGroup section */

/* Begin PBXNativeTarget section */
		EB5482792BD47D900076979C /* AirbnbClone */ = {
			isa = PBXNativeTarget;
			buildConfigurationList = EB5482882BD47D910076979C /* Build configuration list for PBXNativeTarget "AirbnbClone" */;
			buildPhases = (
				EB5482762BD47D900076979C /* Sources */,
				EB5482772BD47D900076979C /* Frameworks */,
				EB5482782BD47D900076979C /* Resources */,
			);
			buildRules = (
			);
			dependencies = (
			);
			name = AirbnbClone;
			productName = AirbnbClone;
			productReference = EB54827A2BD47D900076979C /* AirbnbClone.app */;
			productType = "com.apple.product-type.application";
		};
/* End PBXNativeTarget section */

/* Begin PBXProject section */
		EB5482722BD47D900076979C /* Project object */ = {
			isa = PBXProject;
			attributes = {
				BuildIndependentTargetsInParallel = 1;
				LastSwiftUpdateCheck = 1520;
				LastUpgradeCheck = 1520;
				TargetAttributes = {
					EB5482792BD47D900076979C = {
						CreatedOnToolsVersion = 15.2;
					};
				};
			};
			buildConfigurationList = EB5482752BD47D900076979C /* Build configuration list for PBXProject "AirbnbClone" */;
			compatibilityVersion = "Xcode 14.0";
			developmentRegion = en;
			hasScannedForEncodings = 0;
			knownRegions = (
				en,
				Base,
			);
			mainGroup = EB5482712BD47D900076979C;
			productRefGroup = EB54827B2BD47D900076979C /* Products */;
			projectDirPath = "";
			projectRoot = "";
			targets = (
				EB5482792BD47D900076979C /* AirbnbClone */,
			);
		};
/* End PBXProject section */

/* Begin PBXResourcesBuildPhase section */
		EB5482782BD47D900076979C /* Resources */ = {
			isa = PBXResourcesBuildPhase;
			buildActionMask = 2147483647;
			files = (
				EB5482852BD47D910076979C /* Preview Assets.xcassets in Resources */,
				EB5482822BD47D910076979C /* Assets.xcassets in Resources */,
			);
			runOnlyForDeploymentPostprocessing = 0;
		};
/* End PBXResourcesBuildPhase section */

/* Begin PBXSourcesBuildPhase section */
		EB5482762BD47D900076979C /* Sources */ = {
			isa = PBXSourcesBuildPhase;
			buildActionMask = 2147483647;
			files = (
				EB5D7EAB2BD5AA1100E4960F /* ListingImageCarouselView.swift in Sources */,
				EB0373F02BDA33550055F58F /* DestinationSearchView.swift in Sources */,
				EBAE22E92BD594B7005B8466 /* ListingItemView.swift in Sources */,
				EB5482802BD47D900076979C /* ContentView.swift in Sources */,
				EBAE22E52BD590EB005B8466 /* ExploreView.swift in Sources */,
				EBAE22EB2BD5A34B005B8466 /* SearchAndFilterBar.swift in Sources */,
				EB5D7EA82BD5A9A900E4960F /* ListingDetailView.swift in Sources */,
				EB54827E2BD47D900076979C /* AirbnbCloneApp.swift in Sources */,
			);
			runOnlyForDeploymentPostprocessing = 0;
		};
/* End PBXSourcesBuildPhase section */

/* Begin XCBuildConfiguration section */
		EB5482862BD47D910076979C /* Debug */ = {
			isa = XCBuildConfiguration;
			buildSettings = {
				ALWAYS_SEARCH_USER_PATHS = NO;
				ASSETCATALOG_COMPILER_GENERATE_SWIFT_ASSET_SYMBOL_EXTENSIONS = YES;
				CLANG_ANALYZER_NONNULL = YES;
				CLANG_ANALYZER_NUMBER_OBJECT_CONVERSION = YES_AGGRESSIVE;
				CLANG_CXX_LANGUAGE_STANDARD = "gnu++20";
				CLANG_ENABLE_MODULES = YES;
				CLANG_ENABLE_OBJC_ARC = YES;
				CLANG_ENABLE_OBJC_WEAK = YES;
				CLANG_WARN_BLOCK_CAPTURE_AUTORELEASING = YES;
				CLANG_WARN_BOOL_CONVERSION = YES;
				CLANG_WARN_COMMA = YES;
				CLANG_WARN_CONSTANT_CONVERSION = YES;
				CLANG_WARN_DEPRECATED_OBJC_IMPLEMENTATIONS = YES;
				CLANG_WARN_DIRECT_OBJC_ISA_USAGE = YES_ERROR;
				CLANG_WARN_DOCUMENTATION_COMMENTS = YES;
				CLANG_WARN_EMPTY_BODY = YES;
				CLANG_WARN_ENUM_CONVERSION = YES;
				CLANG_WARN_INFINITE_RECURSION = YES;
				CLANG_WARN_INT_CONVERSION = YES;
				CLANG_WARN_NON_LITERAL_NULL_CONVERSION = YES;
				CLANG_WARN_OBJC_IMPLICIT_RETAIN_SELF = YES;
				CLANG_WARN_OBJC_LITERAL_CONVERSION = YES;
				CLANG_WARN_OBJC_ROOT_CLASS = YES_ERROR;
				CLANG_WARN_QUOTED_INCLUDE_IN_FRAMEWORK_HEADER = YES;
				CLANG_WARN_RANGE_LOOP_ANALYSIS = YES;
				CLANG_WARN_STRICT_PROTOTYPES = YES;
				CLANG_WARN_SUSPICIOUS_MOVE = YES;
				CLANG_WARN_UNGUARDED_AVAILABILITY = YES_AGGRESSIVE;
				CLANG_WARN_UNREACHABLE_CODE = YES;
				CLANG_WARN__DUPLICATE_METHOD_MATCH = YES;
				COPY_PHASE_STRIP = NO;
				DEBUG_INFORMATION_FORMAT = dwarf;
				ENABLE_STRICT_OBJC_MSGSEND = YES;
				ENABLE_TESTABILITY = YES;
				ENABLE_USER_SCRIPT_SANDBOXING = YES;
				GCC_C_LANGUAGE_STANDARD = gnu17;
				GCC_DYNAMIC_NO_PIC = NO;
				GCC_NO_COMMON_BLOCKS = YES;
				GCC_OPTIMIZATION_LEVEL = 0;
				GCC_PREPROCESSOR_DEFINITIONS = (
					"DEBUG=1",
					"$(inherited)",
				);
				GCC_WARN_64_TO_32_BIT_CONVERSION = YES;
				GCC_WARN_ABOUT_RETURN_TYPE = YES_ERROR;
				GCC_WARN_UNDECLARED_SELECTOR = YES;
				GCC_WARN_UNINITIALIZED_AUTOS = YES_AGGRESSIVE;
				GCC_WARN_UNUSED_FUNCTION = YES;
				GCC_WARN_UNUSED_VARIABLE = YES;
				IPHONEOS_DEPLOYMENT_TARGET = 17.2;
				LOCALIZATION_PREFERS_STRING_CATALOGS = YES;
				MTL_ENABLE_DEBUG_INFO = INCLUDE_SOURCE;
				MTL_FAST_MATH = YES;
				ONLY_ACTIVE_ARCH = YES;
				SDKROOT = iphoneos;
				SWIFT_ACTIVE_COMPILATION_CONDITIONS = "DEBUG $(inherited)";
				SWIFT_OPTIMIZATION_LEVEL = "-Onone";
			};
			name = Debug;
		};
		EB5482872BD47D910076979C /* Release */ = {
			isa = XCBuildConfiguration;
			buildSettings = {
				ALWAYS_SEARCH_USER_PATHS = NO;
				ASSETCATALOG_COMPILER_GENERATE_SWIFT_ASSET_SYMBOL_EXTENSIONS = YES;
				CLANG_ANALYZER_NONNULL = YES;
				CLANG_ANALYZER_NUMBER_OBJECT_CONVERSION = YES_AGGRESSIVE;
				CLANG_CXX_LANGUAGE_STANDARD = "gnu++20";
				CLANG_ENABLE_MODULES = YES;
				CLANG_ENABLE_OBJC_ARC = YES;
				CLANG_ENABLE_OBJC_WEAK = YES;
				CLANG_WARN_BLOCK_CAPTURE_AUTORELEASING = YES;
				CLANG_WARN_BOOL_CONVERSION = YES;
				CLANG_WARN_COMMA = YES;
				CLANG_WARN_CONSTANT_CONVERSION = YES;
				CLANG_WARN_DEPRECATED_OBJC_IMPLEMENTATIONS = YES;
				CLANG_WARN_DIRECT_OBJC_ISA_USAGE = YES_ERROR;
				CLANG_WARN_DOCUMENTATION_COMMENTS = YES;
				CLANG_WARN_EMPTY_BODY = YES;
				CLANG_WARN_ENUM_CONVERSION = YES;
				CLANG_WARN_INFINITE_RECURSION = YES;
				CLANG_WARN_INT_CONVERSION = YES;
				CLANG_WARN_NON_LITERAL_NULL_CONVERSION = YES;
				CLANG_WARN_OBJC_IMPLICIT_RETAIN_SELF = YES;
				CLANG_WARN_OBJC_LITERAL_CONVERSION = YES;
				CLANG_WARN_OBJC_ROOT_CLASS = YES_ERROR;
				CLANG_WARN_QUOTED_INCLUDE_IN_FRAMEWORK_HEADER = YES;
				CLANG_WARN_RANGE_LOOP_ANALYSIS = YES;
				CLANG_WARN_STRICT_PROTOTYPES = YES;
				CLANG_WARN_SUSPICIOUS_MOVE = YES;
				CLANG_WARN_UNGUARDED_AVAILABILITY = YES_AGGRESSIVE;
				CLANG_WARN_UNREACHABLE_CODE = YES;
				CLANG_WARN__DUPLICATE_METHOD_MATCH = YES;
				COPY_PHASE_STRIP = NO;
				DEBUG_INFORMATION_FORMAT = "dwarf-with-dsym";
				ENABLE_NS_ASSERTIONS = NO;
				ENABLE_STRICT_OBJC_MSGSEND = YES;
				ENABLE_USER_SCRIPT_SANDBOXING = YES;
				GCC_C_LANGUAGE_STANDARD = gnu17;
				GCC_NO_COMMON_BLOCKS = YES;
				GCC_WARN_64_TO_32_BIT_CONVERSION = YES;
				GCC_WARN_ABOUT_RETURN_TYPE = YES_ERROR;
				GCC_WARN_UNDECLARED_SELECTOR = YES;
				GCC_WARN_UNINITIALIZED_AUTOS = YES_AGGRESSIVE;
				GCC_WARN_UNUSED_FUNCTION = YES;
				GCC_WARN_UNUSED_VARIABLE = YES;
				IPHONEOS_DEPLOYMENT_TARGET = 17.2;
				LOCALIZATION_PREFERS_STRING_CATALOGS = YES;
				MTL_ENABLE_DEBUG_INFO = NO;
				MTL_FAST_MATH = YES;
				SDKROOT = iphoneos;
				SWIFT_COMPILATION_MODE = wholemodule;
				VALIDATE_PRODUCT = YES;
			};
			name = Release;
		};
		EB5482892BD47D910076979C /* Debug */ = {
			isa = XCBuildConfiguration;
			buildSettings = {
				ASSETCATALOG_COMPILER_APPICON_NAME = AppIcon;
				ASSETCATALOG_COMPILER_GLOBAL_ACCENT_COLOR_NAME = AccentColor;
				CODE_SIGN_STYLE = Automatic;
				CURRENT_PROJECT_VERSION = 1;
				DEVELOPMENT_ASSET_PATHS = "\"AirbnbClone/Preview Content\"";
				DEVELOPMENT_TEAM = 6F7S44NP8T;
				ENABLE_PREVIEWS = YES;
				GENERATE_INFOPLIST_FILE = YES;
				INFOPLIST_KEY_UIApplicationSceneManifest_Generation = YES;
				INFOPLIST_KEY_UIApplicationSupportsIndirectInputEvents = YES;
				INFOPLIST_KEY_UILaunchScreen_Generation = YES;
				INFOPLIST_KEY_UISupportedInterfaceOrientations_iPad = "UIInterfaceOrientationPortrait UIInterfaceOrientationPortraitUpsideDown UIInterfaceOrientationLandscapeLeft UIInterfaceOrientationLandscapeRight";
				INFOPLIST_KEY_UISupportedInterfaceOrientations_iPhone = "UIInterfaceOrientationPortrait UIInterfaceOrientationLandscapeLeft UIInterfaceOrientationLandscapeRight";
				LD_RUNPATH_SEARCH_PATHS = (
					"$(inherited)",
					"@executable_path/Frameworks",
				);
				MARKETING_VERSION = 1.0;
				PRODUCT_BUNDLE_IDENTIFIER = com.armagantas.AirbnbClone;
				PRODUCT_NAME = "$(TARGET_NAME)";
				SWIFT_EMIT_LOC_STRINGS = YES;
				SWIFT_VERSION = 5.0;
				TARGETED_DEVICE_FAMILY = "1,2";
			};
			name = Debug;
		};
		EB54828A2BD47D910076979C /* Release */ = {
			isa = XCBuildConfiguration;
			buildSettings = {
				ASSETCATALOG_COMPILER_APPICON_NAME = AppIcon;
				ASSETCATALOG_COMPILER_GLOBAL_ACCENT_COLOR_NAME = AccentColor;
				CODE_SIGN_STYLE = Automatic;
				CURRENT_PROJECT_VERSION = 1;
				DEVELOPMENT_ASSET_PATHS = "\"AirbnbClone/Preview Content\"";
				DEVELOPMENT_TEAM = 6F7S44NP8T;
				ENABLE_PREVIEWS = YES;
				GENERATE_INFOPLIST_FILE = YES;
				INFOPLIST_KEY_UIApplicationSceneManifest_Generation = YES;
				INFOPLIST_KEY_UIApplicationSupportsIndirectInputEvents = YES;
				INFOPLIST_KEY_UILaunchScreen_Generation = YES;
				INFOPLIST_KEY_UISupportedInterfaceOrientations_iPad = "UIInterfaceOrientationPortrait UIInterfaceOrientationPortraitUpsideDown UIInterfaceOrientationLandscapeLeft UIInterfaceOrientationLandscapeRight";
				INFOPLIST_KEY_UISupportedInterfaceOrientations_iPhone = "UIInterfaceOrientationPortrait UIInterfaceOrientationLandscapeLeft UIInterfaceOrientationLandscapeRight";
				LD_RUNPATH_SEARCH_PATHS = (
					"$(inherited)",
					"@executable_path/Frameworks",
				);
				MARKETING_VERSION = 1.0;
				PRODUCT_BUNDLE_IDENTIFIER = com.armagantas.AirbnbClone;
				PRODUCT_NAME = "$(TARGET_NAME)";
				SWIFT_EMIT_LOC_STRINGS = YES;
				SWIFT_VERSION = 5.0;
				TARGETED_DEVICE_FAMILY = "1,2";
			};
			name = Release;
		};
/* End XCBuildConfiguration section */

/* Begin XCConfigurationList section */
		EB5482752BD47D900076979C /* Build configuration list for PBXProject "AirbnbClone" */ = {
			isa = XCConfigurationList;
			buildConfigurations = (
				EB5482862BD47D910076979C /* Debug */,
				EB5482872BD47D910076979C /* Release */,
			);
			defaultConfigurationIsVisible = 0;
			defaultConfigurationName = Release;
		};
		EB5482882BD47D910076979C /* Build configuration list for PBXNativeTarget "AirbnbClone" */ = {
			isa = XCConfigurationList;
			buildConfigurations = (
				EB5482892BD47D910076979C /* Debug */,
				EB54828A2BD47D910076979C /* Release */,
			);
			defaultConfigurationIsVisible = 0;
			defaultConfigurationName = Release;
		};
/* End XCConfigurationList section */
	};
	rootObject = EB5482722BD47D900076979C /* Project object */;
}
